// !$*UTF8*$!
{
	archiveVersion = 1;
	classes = {
	};
	objectVersion = 46;
	objects = {

/* Begin PBXBuildFile section */
		2C60A9211D97A9B800F50971 /* AppDelegate.swift in Sources */ = {isa = PBXBuildFile; fileRef = 2C60A9201D97A9B800F50971 /* AppDelegate.swift */; };
		2C60A9261D97A9B800F50971 /* Main.storyboard in Resources */ = {isa = PBXBuildFile; fileRef = 2C60A9241D97A9B800F50971 /* Main.storyboard */; };
		2C60A9281D97A9B800F50971 /* Assets.xcassets in Resources */ = {isa = PBXBuildFile; fileRef = 2C60A9271D97A9B800F50971 /* Assets.xcassets */; };
		2C60A92B1D97A9B800F50971 /* LaunchScreen.storyboard in Resources */ = {isa = PBXBuildFile; fileRef = 2C60A9291D97A9B800F50971 /* LaunchScreen.storyboard */; };
		2C60A9361D97A9B800F50971 /* DouyuZBTests.swift in Sources */ = {isa = PBXBuildFile; fileRef = 2C60A9351D97A9B800F50971 /* DouyuZBTests.swift */; };
		2C60A9411D97A9B800F50971 /* DouyuZBUITests.swift in Sources */ = {isa = PBXBuildFile; fileRef = 2C60A9401D97A9B800F50971 /* DouyuZBUITests.swift */; };
/* End PBXBuildFile section */

/* Begin PBXContainerItemProxy section */
		2C60A9321D97A9B800F50971 /* PBXContainerItemProxy */ = {
			isa = PBXContainerItemProxy;
			containerPortal = 2C60A9151D97A9B800F50971 /* Project object */;
			proxyType = 1;
			remoteGlobalIDString = 2C60A91C1D97A9B800F50971;
			remoteInfo = DouyuZB;
		};
		2C60A93D1D97A9B800F50971 /* PBXContainerItemProxy */ = {
			isa = PBXContainerItemProxy;
			containerPortal = 2C60A9151D97A9B800F50971 /* Project object */;
			proxyType = 1;
			remoteGlobalIDString = 2C60A91C1D97A9B800F50971;
			remoteInfo = DouyuZB;
		};
/* End PBXContainerItemProxy section */

/* Begin PBXFileReference section */
		2C60A91D1D97A9B800F50971 /* DouyuZB.app */ = {isa = PBXFileReference; explicitFileType = wrapper.application; includeInIndex = 0; path = DouyuZB.app; sourceTree = BUILT_PRODUCTS_DIR; };
		2C60A9201D97A9B800F50971 /* AppDelegate.swift */ = {isa = PBXFileReference; lastKnownFileType = sourcecode.swift; path = AppDelegate.swift; sourceTree = "<group>"; };
		2C60A9251D97A9B800F50971 /* Base */ = {isa = PBXFileReference; lastKnownFileType = file.storyboard; name = Base; path = Base.lproj/Main.storyboard; sourceTree = "<group>"; };
		2C60A9271D97A9B800F50971 /* Assets.xcassets */ = {isa = PBXFileReference; lastKnownFileType = folder.assetcatalog; path = Assets.xcassets; sourceTree = "<group>"; };
		2C60A92A1D97A9B800F50971 /* Base */ = {isa = PBXFileReference; lastKnownFileType = file.storyboard; name = Base; path = Base.lproj/LaunchScreen.storyboard; sourceTree = "<group>"; };
		2C60A92C1D97A9B800F50971 /* Info.plist */ = {isa = PBXFileReference; lastKnownFileType = text.plist.xml; path = Info.plist; sourceTree = "<group>"; };
		2C60A9311D97A9B800F50971 /* DouyuZBTests.xctest */ = {isa = PBXFileReference; explicitFileType = wrapper.cfbundle; includeInIndex = 0; path = DouyuZBTests.xctest; sourceTree = BUILT_PRODUCTS_DIR; };
		2C60A9351D97A9B800F50971 /* DouyuZBTests.swift */ = {isa = PBXFileReference; lastKnownFileType = sourcecode.swift; path = DouyuZBTests.swift; sourceTree = "<group>"; };
		2C60A9371D97A9B800F50971 /* Info.plist */ = {isa = PBXFileReference; lastKnownFileType = text.plist.xml; path = Info.plist; sourceTree = "<group>"; };
		2C60A93C1D97A9B800F50971 /* DouyuZBUITests.xctest */ = {isa = PBXFileReference; explicitFileType = wrapper.cfbundle; includeInIndex = 0; path = DouyuZBUITests.xctest; sourceTree = BUILT_PRODUCTS_DIR; };
		2C60A9401D97A9B800F50971 /* DouyuZBUITests.swift */ = {isa = PBXFileReference; lastKnownFileType = sourcecode.swift; path = DouyuZBUITests.swift; sourceTree = "<group>"; };
		2C60A9421D97A9B800F50971 /* Info.plist */ = {isa = PBXFileReference; lastKnownFileType = text.plist.xml; path = Info.plist; sourceTree = "<group>"; };
/* End PBXFileReference section */

/* Begin PBXFrameworksBuildPhase section */
		2C60A91A1D97A9B800F50971 /* Frameworks */ = {
			isa = PBXFrameworksBuildPhase;
			buildActionMask = 2147483647;
			files = (
			);
			runOnlyForDeploymentPostprocessing = 0;
		};
		2C60A92E1D97A9B800F50971 /* Frameworks */ = {
			isa = PBXFrameworksBuildPhase;
			buildActionMask = 2147483647;
			files = (
			);
			runOnlyForDeploymentPostprocessing = 0;
		};
		2C60A9391D97A9B800F50971 /* Frameworks */ = {
			isa = PBXFrameworksBuildPhase;
			buildActionMask = 2147483647;
			files = (
			);
			runOnlyForDeploymentPostprocessing = 0;
		};
/* End PBXFrameworksBuildPhase section */

/* Begin PBXGroup section */
		2C48A4CB1D97B07700F6EFA9 /* Classes */ = {
			isa = PBXGroup;
			children = (
				2C48A4CF1D97B07700F6EFA9 /* Main */,
				2C48A4CC1D97B07700F6EFA9 /* Follow */,
				2C48A4CD1D97B07700F6EFA9 /* Home */,
				2C48A4CE1D97B07700F6EFA9 /* Live */,
				2C48A4D01D97B07700F6EFA9 /* Profile */,
				2C48A4D11D97B07700F6EFA9 /* Tools */,
			);
			path = Classes;
			sourceTree = "<group>";
		};
		2C48A4CC1D97B07700F6EFA9 /* Follow */ = {
			isa = PBXGroup;
			children = (
			);
			path = Follow;
			sourceTree = "<group>";
		};
		2C48A4CD1D97B07700F6EFA9 /* Home */ = {
			isa = PBXGroup;
			children = (
			);
			path = Home;
			sourceTree = "<group>";
		};
		2C48A4CE1D97B07700F6EFA9 /* Live */ = {
			isa = PBXGroup;
			children = (
			);
			path = Live;
			sourceTree = "<group>";
		};
		2C48A4CF1D97B07700F6EFA9 /* Main */ = {
			isa = PBXGroup;
			children = (
			);
			path = Main;
			sourceTree = "<group>";
		};
		2C48A4D01D97B07700F6EFA9 /* Profile */ = {
			isa = PBXGroup;
			children = (
			);
			path = Profile;
			sourceTree = "<group>";
		};
		2C48A4D11D97B07700F6EFA9 /* Tools */ = {
			isa = PBXGroup;
			children = (
			);
			path = Tools;
			sourceTree = "<group>";
		};
		2C60A9141D97A9B800F50971 = {
			isa = PBXGroup;
			children = (
				2C60A91F1D97A9B800F50971 /* DouyuZB */,
				2C60A9341D97A9B800F50971 /* DouyuZBTests */,
				2C60A93F1D97A9B800F50971 /* DouyuZBUITests */,
				2C60A91E1D97A9B800F50971 /* Products */,
			);
			sourceTree = "<group>";
		};
		2C60A91E1D97A9B800F50971 /* Products */ = {
			isa = PBXGroup;
			children = (
				2C60A91D1D97A9B800F50971 /* DouyuZB.app */,
				2C60A9311D97A9B800F50971 /* DouyuZBTests.xctest */,
				2C60A93C1D97A9B800F50971 /* DouyuZBUITests.xctest */,
			);
			name = Products;
			sourceTree = "<group>";
		};
		2C60A91F1D97A9B800F50971 /* DouyuZB */ = {
			isa = PBXGroup;
			children = (
				2C48A4CB1D97B07700F6EFA9 /* Classes */,
				2C60A9201D97A9B800F50971 /* AppDelegate.swift */,
				2C60A9241D97A9B800F50971 /* Main.storyboard */,
				2C60A9271D97A9B800F50971 /* Assets.xcassets */,
				2C60A9291D97A9B800F50971 /* LaunchScreen.storyboard */,
				2C60A92C1D97A9B800F50971 /* Info.plist */,
			);
			path = DouyuZB;
			sourceTree = "<group>";
		};
		2C60A9341D97A9B800F50971 /* DouyuZBTests */ = {
			isa = PBXGroup;
			children = (
				2C60A9351D97A9B800F50971 /* DouyuZBTests.swift */,
				2C60A9371D97A9B800F50971 /* Info.plist */,
			);
			path = DouyuZBTests;
			sourceTree = "<group>";
		};
		2C60A93F1D97A9B800F50971 /* DouyuZBUITests */ = {
			isa = PBXGroup;
			children = (
				2C60A9401D97A9B800F50971 /* DouyuZBUITests.swift */,
				2C60A9421D97A9B800F50971 /* Info.plist */,
			);
			path = DouyuZBUITests;
			sourceTree = "<group>";
		};
/* End PBXGroup section */

/* Begin PBXNativeTarget section */
		2C60A91C1D97A9B800F50971 /* DouyuZB */ = {
			isa = PBXNativeTarget;
			buildConfigurationList = 2C60A9451D97A9B800F50971 /* Build configuration list for PBXNativeTarget "DouyuZB" */;
			buildPhases = (
				2C60A9191D97A9B800F50971 /* Sources */,
				2C60A91A1D97A9B800F50971 /* Frameworks */,
				2C60A91B1D97A9B800F50971 /* Resources */,
			);
			buildRules = (
			);
			dependencies = (
			);
			name = DouyuZB;
			productName = DouyuZB;
			productReference = 2C60A91D1D97A9B800F50971 /* DouyuZB.app */;
			productType = "com.apple.product-type.application";
		};
		2C60A9301D97A9B800F50971 /* DouyuZBTests */ = {
			isa = PBXNativeTarget;
			buildConfigurationList = 2C60A9481D97A9B800F50971 /* Build configuration list for PBXNativeTarget "DouyuZBTests" */;
			buildPhases = (
				2C60A92D1D97A9B800F50971 /* Sources */,
				2C60A92E1D97A9B800F50971 /* Frameworks */,
				2C60A92F1D97A9B800F50971 /* Resources */,
			);
			buildRules = (
			);
			dependencies = (
				2C60A9331D97A9B800F50971 /* PBXTargetDependency */,
			);
			name = DouyuZBTests;
			productName = DouyuZBTests;
			productReference = 2C60A9311D97A9B800F50971 /* DouyuZBTests.xctest */;
			productType = "com.apple.product-type.bundle.unit-test";
		};
		2C60A93B1D97A9B800F50971 /* DouyuZBUITests */ = {
			isa = PBXNativeTarget;
			buildConfigurationList = 2C60A94B1D97A9B800F50971 /* Build configuration list for PBXNativeTarget "DouyuZBUITests" */;
			buildPhases = (
				2C60A9381D97A9B800F50971 /* Sources */,
				2C60A9391D97A9B800F50971 /* Frameworks */,
				2C60A93A1D97A9B800F50971 /* Resources */,
			);
			buildRules = (
			);
			dependencies = (
				2C60A93E1D97A9B800F50971 /* PBXTargetDependency */,
			);
			name = DouyuZBUITests;
			productName = DouyuZBUITests;
			productReference = 2C60A93C1D97A9B800F50971 /* DouyuZBUITests.xctest */;
			productType = "com.apple.product-type.bundle.ui-testing";
		};
/* End PBXNativeTarget section */

/* Begin PBXProject section */
		2C60A9151D97A9B800F50971 /* Project object */ = {
			isa = PBXProject;
			attributes = {
				LastSwiftUpdateCheck = 0730;
				LastUpgradeCheck = 0730;
				ORGANIZATIONNAME = mengyijie;
				TargetAttributes = {
					2C60A91C1D97A9B800F50971 = {
						CreatedOnToolsVersion = 7.3.1;
					};
					2C60A9301D97A9B800F50971 = {
						CreatedOnToolsVersion = 7.3.1;
						TestTargetID = 2C60A91C1D97A9B800F50971;
					};
					2C60A93B1D97A9B800F50971 = {
						CreatedOnToolsVersion = 7.3.1;
						TestTargetID = 2C60A91C1D97A9B800F50971;
					};
				};
			};
			buildConfigurationList = 2C60A9181D97A9B800F50971 /* Build configuration list for PBXProject "DouyuZB" */;
			compatibilityVersion = "Xcode 3.2";
			developmentRegion = English;
			hasScannedForEncodings = 0;
			knownRegions = (
				en,
				Base,
			);
			mainGroup = 2C60A9141D97A9B800F50971;
			productRefGroup = 2C60A91E1D97A9B800F50971 /* Products */;
			projectDirPath = "";
			projectRoot = "";
			targets = (
				2C60A91C1D97A9B800F50971 /* DouyuZB */,
				2C60A9301D97A9B800F50971 /* DouyuZBTests */,
				2C60A93B1D97A9B800F50971 /* DouyuZBUITests */,
			);
		};
/* End PBXProject section */

/* Begin PBXResourcesBuildPhase section */
		2C60A91B1D97A9B800F50971 /* Resources */ = {
			isa = PBXResourcesBuildPhase;
			buildActionMask = 2147483647;
			files = (
				2C60A92B1D97A9B800F50971 /* LaunchScreen.storyboard in Resources */,
				2C60A9281D97A9B800F50971 /* Assets.xcassets in Resources */,
				2C60A9261D97A9B800F50971 /* Main.storyboard in Resources */,
			);
			runOnlyForDeploymentPostprocessing = 0;
		};
		2C60A92F1D97A9B800F50971 /* Resources */ = {
			isa = PBXResourcesBuildPhase;
			buildActionMask = 2147483647;
			files = (
			);
			runOnlyForDeploymentPostprocessing = 0;
		};
		2C60A93A1D97A9B800F50971 /* Resources */ = {
			isa = PBXResourcesBuildPhase;
			buildActionMask = 2147483647;
			files = (
			);
			runOnlyForDeploymentPostprocessing = 0;
		};
/* End PBXResourcesBuildPhase section */

/* Begin PBXSourcesBuildPhase section */
		2C60A9191D97A9B800F50971 /* Sources */ = {
			isa = PBXSourcesBuildPhase;
			buildActionMask = 2147483647;
			files = (
				2C60A9211D97A9B800F50971 /* AppDelegate.swift in Sources */,
			);
			runOnlyForDeploymentPostprocessing = 0;
		};
		2C60A92D1D97A9B800F50971 /* Sources */ = {
			isa = PBXSourcesBuildPhase;
			buildActionMask = 2147483647;
			files = (
				2C60A9361D97A9B800F50971 /* DouyuZBTests.swift in Sources */,
			);
			runOnlyForDeploymentPostprocessing = 0;
		};
		2C60A9381D97A9B800F50971 /* Sources */ = {
			isa = PBXSourcesBuildPhase;
			buildActionMask = 2147483647;
			files = (
				2C60A9411D97A9B800F50971 /* DouyuZBUITests.swift in Sources */,
			);
			runOnlyForDeploymentPostprocessing = 0;
		};
/* End PBXSourcesBuildPhase section */

/* Begin PBXTargetDependency section */
		2C60A9331D97A9B800F50971 /* PBXTargetDependency */ = {
			isa = PBXTargetDependency;
			target = 2C60A91C1D97A9B800F50971 /* DouyuZB */;
			targetProxy = 2C60A9321D97A9B800F50971 /* PBXContainerItemProxy */;
		};
		2C60A93E1D97A9B800F50971 /* PBXTargetDependency */ = {
			isa = PBXTargetDependency;
			target = 2C60A91C1D97A9B800F50971 /* DouyuZB */;
			targetProxy = 2C60A93D1D97A9B800F50971 /* PBXContainerItemProxy */;
		};
/* End PBXTargetDependency section */

/* Begin PBXVariantGroup section */
		2C60A9241D97A9B800F50971 /* Main.storyboard */ = {
			isa = PBXVariantGroup;
			children = (
				2C60A9251D97A9B800F50971 /* Base */,
			);
			name = Main.storyboard;
			sourceTree = "<group>";
		};
		2C60A9291D97A9B800F50971 /* LaunchScreen.storyboard */ = {
			isa = PBXVariantGroup;
			children = (
				2C60A92A1D97A9B800F50971 /* Base */,
			);
			name = LaunchScreen.storyboard;
			sourceTree = "<group>";
		};
/* End PBXVariantGroup section */

/* Begin XCBuildConfiguration section */
		2C60A9431D97A9B800F50971 /* Debug */ = {
			isa = XCBuildConfiguration;
			buildSettings = {
				ALWAYS_SEARCH_USER_PATHS = NO;
				CLANG_ANALYZER_NONNULL = YES;
				CLANG_CXX_LANGUAGE_STANDARD = "gnu++0x";
				CLANG_CXX_LIBRARY = "libc++";
				CLANG_ENABLE_MODULES = YES;
				CLANG_ENABLE_OBJC_ARC = YES;
				CLANG_WARN_BOOL_CONVERSION = YES;
				CLANG_WARN_CONSTANT_CONVERSION = YES;
				CLANG_WARN_DIRECT_OBJC_ISA_USAGE = YES_ERROR;
				CLANG_WARN_EMPTY_BODY = YES;
				CLANG_WARN_ENUM_CONVERSION = YES;
				CLANG_WARN_INT_CONVERSION = YES;
				CLANG_WARN_OBJC_ROOT_CLASS = YES_ERROR;
				CLANG_WARN_UNREACHABLE_CODE = YES;
				CLANG_WARN__DUPLICATE_METHOD_MATCH = YES;
				"CODE_SIGN_IDENTITY[sdk=iphoneos*]" = "iPhone Developer";
				COPY_PHASE_STRIP = NO;
				DEBUG_INFORMATION_FORMAT = dwarf;
				ENABLE_STRICT_OBJC_MSGSEND = YES;
				ENABLE_TESTABILITY = YES;
				GCC_C_LANGUAGE_STANDARD = gnu99;
				GCC_DYNAMIC_NO_PIC = NO;
				GCC_NO_COMMON_BLOCKS = YES;
				GCC_OPTIMIZATION_LEVEL = 0;
				GCC_PREPROCESSOR_DEFINITIONS = (
					"DEBUG=1",
					"$(inherited)",
				);
				GCC_WARN_64_TO_32_BIT_CONVERSION = YES;
				GCC_WARN_ABOUT_RETURN_TYPE = YES_ERROR;
				GCC_WARN_UNDECLARED_SELECTOR = YES;
				GCC_WARN_UNINITIALIZED_AUTOS = YES_AGGRESSIVE;
				GCC_WARN_UNUSED_FUNCTION = YES;
				GCC_WARN_UNUSED_VARIABLE = YES;
				IPHONEOS_DEPLOYMENT_TARGET = 9.3;
				MTL_ENABLE_DEBUG_INFO = YES;
				ONLY_ACTIVE_ARCH = YES;
				SDKROOT = iphoneos;
				SWIFT_OPTIMIZATION_LEVEL = "-Onone";
				TARGETED_DEVICE_FAMILY = "1,2";
			};
			name = Debug;
		};
		2C60A9441D97A9B800F50971 /* Release */ = {
			isa = XCBuildConfiguration;
			buildSettings = {
				ALWAYS_SEARCH_USER_PATHS = NO;
				CLANG_ANALYZER_NONNULL = YES;
				CLANG_CXX_LANGUAGE_STANDARD = "gnu++0x";
				CLANG_CXX_LIBRARY = "libc++";
				CLANG_ENABLE_MODULES = YES;
				CLANG_ENABLE_OBJC_ARC = YES;
				CLANG_WARN_BOOL_CONVERSION = YES;
				CLANG_WARN_CONSTANT_CONVERSION = YES;
				CLANG_WARN_DIRECT_OBJC_ISA_USAGE = YES_ERROR;
				CLANG_WARN_EMPTY_BODY = YES;
				CLANG_WARN_ENUM_CONVERSION = YES;
				CLANG_WARN_INT_CONVERSION = YES;
				CLANG_WARN_OBJC_ROOT_CLASS = YES_ERROR;
				CLANG_WARN_UNREACHABLE_CODE = YES;
				CLANG_WARN__DUPLICATE_METHOD_MATCH = YES;
				"CODE_SIGN_IDENTITY[sdk=iphoneos*]" = "iPhone Developer";
				COPY_PHASE_STRIP = NO;
				DEBUG_INFORMATION_FORMAT = "dwarf-with-dsym";
				ENABLE_NS_ASSERTIONS = NO;
				ENABLE_STRICT_OBJC_MSGSEND = YES;
				GCC_C_LANGUAGE_STANDARD = gnu99;
				GCC_NO_COMMON_BLOCKS = YES;
				GCC_WARN_64_TO_32_BIT_CONVERSION = YES;
				GCC_WARN_ABOUT_RETURN_TYPE = YES_ERROR;
				GCC_WARN_UNDECLARED_SELECTOR = YES;
				GCC_WARN_UNINITIALIZED_AUTOS = YES_AGGRESSIVE;
				GCC_WARN_UNUSED_FUNCTION = YES;
				GCC_WARN_UNUSED_VARIABLE = YES;
				IPHONEOS_DEPLOYMENT_TARGET = 9.3;
				MTL_ENABLE_DEBUG_INFO = NO;
				SDKROOT = iphoneos;
				TARGETED_DEVICE_FAMILY = "1,2";
				VALIDATE_PRODUCT = YES;
			};
			name = Release;
		};
		2C60A9461D97A9B800F50971 /* Debug */ = {
			isa = XCBuildConfiguration;
			buildSettings = {
				ASSETCATALOG_COMPILER_APPICON_NAME = AppIcon;
				ASSETCATALOG_COMPILER_LAUNCHIMAGE_NAME = "Brand Assets";
				INFOPLIST_FILE = DouyuZB/Info.plist;
				IPHONEOS_DEPLOYMENT_TARGET = 9.0;
				LD_RUNPATH_SEARCH_PATHS = "$(inherited) @executable_path/Frameworks";
				PRODUCT_BUNDLE_IDENTIFIER = vfou.com.DouyuZB;
				PRODUCT_NAME = "$(TARGET_NAME)";
			};
			name = Debug;
		};
		2C60A9471D97A9B800F50971 /* Release */ = {
			isa = XCBuildConfiguration;
			buildSettings = {
				ASSETCATALOG_COMPILER_APPICON_NAME = AppIcon;
				ASSETCATALOG_COMPILER_LAUNCHIMAGE_NAME = "Brand Assets";
				INFOPLIST_FILE = DouyuZB/Info.plist;
				IPHONEOS_DEPLOYMENT_TARGET = 9.0;
				LD_RUNPATH_SEARCH_PATHS = "$(inherited) @executable_path/Frameworks";
				PRODUCT_BUNDLE_IDENTIFIER = vfou.com.DouyuZB;
				PRODUCT_NAME = "$(TARGET_NAME)";
			};
			name = Release;
		};
		2C60A9491D97A9B800F50971 /* Debug */ = {
			isa = XCBuildConfiguration;
			buildSettings = {
				BUNDLE_LOADER = "$(TEST_HOST)";
				INFOPLIST_FILE = DouyuZBTests/Info.plist;
				LD_RUNPATH_SEARCH_PATHS = "$(inherited) @executable_path/Frameworks @loader_path/Frameworks";
				PRODUCT_BUNDLE_IDENTIFIER = vfou.com.DouyuZBTests;
				PRODUCT_NAME = "$(TARGET_NAME)";
				TEST_HOST = "$(BUILT_PRODUCTS_DIR)/DouyuZB.app/DouyuZB";
			};
			name = Debug;
		};
		2C60A94A1D97A9B800F50971 /* Release */ = {
			isa = XCBuildConfiguration;
			buildSettings = {
				BUNDLE_LOADER = "$(TEST_HOST)";
				INFOPLIST_FILE = DouyuZBTests/Info.plist;
				LD_RUNPATH_SEARCH_PATHS = "$(inherited) @executable_path/Frameworks @loader_path/Frameworks";
				PRODUCT_BUNDLE_IDENTIFIER = vfou.com.DouyuZBTests;
				PRODUCT_NAME = "$(TARGET_NAME)";
				TEST_HOST = "$(BUILT_PRODUCTS_DIR)/DouyuZB.app/DouyuZB";
			};
			name = Release;
		};
		2C60A94C1D97A9B800F50971 /* Debug */ = {
			isa = XCBuildConfiguration;
			buildSettings = {
				INFOPLIST_FILE = DouyuZBUITests/Info.plist;
				LD_RUNPATH_SEARCH_PATHS = "$(inherited) @executable_path/Frameworks @loader_path/Frameworks";
				PRODUCT_BUNDLE_IDENTIFIER = vfou.com.DouyuZBUITests;
				PRODUCT_NAME = "$(TARGET_NAME)";
				TEST_TARGET_NAME = DouyuZB;
			};
			name = Debug;
		};
		2C60A94D1D97A9B800F50971 /* Release */ = {
			isa = XCBuildConfiguration;
			buildSettings = {
				INFOPLIST_FILE = DouyuZBUITests/Info.plist;
				LD_RUNPATH_SEARCH_PATHS = "$(inherited) @executable_path/Frameworks @loader_path/Frameworks";
				PRODUCT_BUNDLE_IDENTIFIER = vfou.com.DouyuZBUITests;
				PRODUCT_NAME = "$(TARGET_NAME)";
				TEST_TARGET_NAME = DouyuZB;
			};
			name = Release;
		};
/* End XCBuildConfiguration section */

/* Begin XCConfigurationList section */
		2C60A9181D97A9B800F50971 /* Build configuration list for PBXProject "DouyuZB" */ = {
			isa = XCConfigurationList;
			buildConfigurations = (
				2C60A9431D97A9B800F50971 /* Debug */,
				2C60A9441D97A9B800F50971 /* Release */,
			);
			defaultConfigurationIsVisible = 0;
			defaultConfigurationName = Release;
		};
		2C60A9451D97A9B800F50971 /* Build configuration list for PBXNativeTarget "DouyuZB" */ = {
			isa = XCConfigurationList;
			buildConfigurations = (
				2C60A9461D97A9B800F50971 /* Debug */,
				2C60A9471D97A9B800F50971 /* Release */,
			);
			defaultConfigurationIsVisible = 0;
			defaultConfigurationName = Release;
		};
		2C60A9481D97A9B800F50971 /* Build configuration list for PBXNativeTarget "DouyuZBTests" */ = {
			isa = XCConfigurationList;
			buildConfigurations = (
				2C60A9491D97A9B800F50971 /* Debug */,
				2C60A94A1D97A9B800F50971 /* Release */,
			);
			defaultConfigurationIsVisible = 0;
			defaultConfigurationName = Release;
		};
		2C60A94B1D97A9B800F50971 /* Build configuration list for PBXNativeTarget "DouyuZBUITests" */ = {
			isa = XCConfigurationList;
			buildConfigurations = (
				2C60A94C1D97A9B800F50971 /* Debug */,
				2C60A94D1D97A9B800F50971 /* Release */,
			);
			defaultConfigurationIsVisible = 0;
			defaultConfigurationName = Release;
		};
/* End XCConfigurationList section */
	};
	rootObject = 2C60A9151D97A9B800F50971 /* Project object */;
}
